
Microsoft Visual Studio Solution File, Format Version 12.00
# Visual Studio Version 16
VisualStudioVersion = 16.0.28803.352
MinimumVisualStudioVersion = 10.0.40219.1
Project("{FAE04EC0-301F-11D3-BF4B-00C04F79EFBC}") = "Moviegram", "Moviegram\Moviegram.csproj", "{0DB023FA-D08B-40D5-B4C4-6059934B7231}"
EndProject
Global
	GlobalSection(SolutionConfigurationPlatforms) = preSolution
		Debug|Any CPU = Debug|Any CPU
		Release|Any CPU = Release|Any CPU
	EndGlobalSection
	GlobalSection(ProjectConfigurationPlatforms) = postSolution
		{0DB023FA-D08B-40D5-B4C4-6059934B7231}.Debug|Any CPU.ActiveCfg = Debug|Any CPU
		{0DB023FA-D08B-40D5-B4C4-6059934B7231}.Debug|Any CPU.Build.0 = Debug|Any CPU
		{0DB023FA-D08B-40D5-B4C4-6059934B7231}.Release|Any CPU.ActiveCfg = Release|Any CPU
		{0DB023FA-D08B-40D5-B4C4-6059934B7231}.Release|Any CPU.Build.0 = Release|Any CPU
	EndGlobalSection
	GlobalSection(SolutionProperties) = preSolution
		HideSolutionNode = FALSE
	EndGlobalSection
	GlobalSection(ExtensibilityGlobals) = postSolution
		SolutionGuid = {C6D6A7BB-0553-4756-B9DD-E231D59DD967}
	EndGlobalSection
EndGlobal
